
Microsoft Visual Studio Solution File, Format Version 12.00
# Visual Studio Version 17
VisualStudioVersion = 17.1.32228.430
MinimumVisualStudioVersion = 10.0.40219.1
Project("{9A19103F-16F7-4668-BE54-9A1E7A4F7556}") = "Observer-Pattern", "Observer-Pattern.csproj", "{56524640-6D82-4FFF-AF21-0FAE5D5DA41B}"
EndProject
Global
	GlobalSection(SolutionConfigurationPlatforms) = preSolution
		Debug|Any CPU = Debug|Any CPU
		Release|Any CPU = Release|Any CPU
	EndGlobalSection
	GlobalSection(ProjectConfigurationPlatforms) = postSolution
		{56524640-6D82-4FFF-AF21-0FAE5D5DA41B}.Debug|Any CPU.ActiveCfg = Debug|Any CPU
		{56524640-6D82-4FFF-AF21-0FAE5D5DA41B}.Debug|Any CPU.Build.0 = Debug|Any CPU
		{56524640-6D82-4FFF-AF21-0FAE5D5DA41B}.Release|Any CPU.ActiveCfg = Release|Any CPU
		{56524640-6D82-4FFF-AF21-0FAE5D5DA41B}.Release|Any CPU.Build.0 = Release|Any CPU
	EndGlobalSection
	GlobalSection(SolutionProperties) = preSolution
		HideSolutionNode = FALSE
	EndGlobalSection
	GlobalSection(ExtensibilityGlobals) = postSolution
		SolutionGuid = {F67F5914-9ECF-413A-A171-F3FB9D84714D}
	EndGlobalSection
EndGlobal
